
Microsoft Visual Studio Solution File, Format Version 12.00
# Visual Studio Version 17
VisualStudioVersion = 17.11.35327.3
MinimumVisualStudioVersion = 10.0.40219.1
Project("{FAE04EC0-301F-11D3-BF4B-00C04F79EFBC}") = "Cate85", "Cate85.csproj", "{606B9E85-252B-4701-9C46-A0C5BC58BBF0}"
EndProject
Project("{9A19103F-16F7-4668-BE54-9A1E7A4F7556}") = "Cate", "..\Cate\Cate.csproj", "{CCA5C14D-FFF9-40D5-BB3C-A1FBE47F3DF0}"
EndProject
Project("{9A19103F-16F7-4668-BE54-9A1E7A4F7556}") = "Language", "..\Language\Language.csproj", "{3494098B-2C58-4996-9EF9-F171EEA01BF2}"
EndProject
Global
	GlobalSection(SolutionConfigurationPlatforms) = preSolution
		Debug|Any CPU = Debug|Any CPU
		Release|Any CPU = Release|Any CPU
	EndGlobalSection
	GlobalSection(ProjectConfigurationPlatforms) = postSolution
		{606B9E85-252B-4701-9C46-A0C5BC58BBF0}.Debug|Any CPU.ActiveCfg = Debug|Any CPU
		{606B9E85-252B-4701-9C46-A0C5BC58BBF0}.Debug|Any CPU.Build.0 = Debug|Any CPU
		{606B9E85-252B-4701-9C46-A0C5BC58BBF0}.Release|Any CPU.ActiveCfg = Release|Any CPU
		{606B9E85-252B-4701-9C46-A0C5BC58BBF0}.Release|Any CPU.Build.0 = Release|Any CPU
		{CCA5C14D-FFF9-40D5-BB3C-A1FBE47F3DF0}.Debug|Any CPU.ActiveCfg = Debug|Any CPU
		{CCA5C14D-FFF9-40D5-BB3C-A1FBE47F3DF0}.Debug|Any CPU.Build.0 = Debug|Any CPU
		{CCA5C14D-FFF9-40D5-BB3C-A1FBE47F3DF0}.Release|Any CPU.ActiveCfg = Release|Any CPU
		{CCA5C14D-FFF9-40D5-BB3C-A1FBE47F3DF0}.Release|Any CPU.Build.0 = Release|Any CPU
		{3494098B-2C58-4996-9EF9-F171EEA01BF2}.Debug|Any CPU.ActiveCfg = Debug|Any CPU
		{3494098B-2C58-4996-9EF9-F171EEA01BF2}.Debug|Any CPU.Build.0 = Debug|Any CPU
		{3494098B-2C58-4996-9EF9-F171EEA01BF2}.Release|Any CPU.ActiveCfg = Release|Any CPU
		{3494098B-2C58-4996-9EF9-F171EEA01BF2}.Release|Any CPU.Build.0 = Release|Any CPU
	EndGlobalSection
	GlobalSection(SolutionProperties) = preSolution
		HideSolutionNode = FALSE
	EndGlobalSection
	GlobalSection(ExtensibilityGlobals) = postSolution
		SolutionGuid = {6F3E0CBB-2BF4-4CF3-BBA6-13BA1B35B18A}
	EndGlobalSection
EndGlobal
