
Microsoft Visual Studio Solution File, Format Version 12.00
# Visual Studio Version 17
VisualStudioVersion = 17.12.35527.113 d17.12
MinimumVisualStudioVersion = 10.0.40219.1
Project("{FAE04EC0-301F-11D3-BF4B-00C04F79EFBC}") = "Cate816", "Cate816.csproj", "{692684E5-37C8-4DB2-A7D6-3D5EE187137B}"
EndProject
Project("{FAE04EC0-301F-11D3-BF4B-00C04F79EFBC}") = "Cate", "..\Cate\Cate.csproj", "{28C30397-B798-40B1-B076-61411E01ABE7}"
EndProject
Project("{FAE04EC0-301F-11D3-BF4B-00C04F79EFBC}") = "Language", "..\Language\Language.csproj", "{65D44F4D-0674-4F5C-9D9C-605BAC7F0639}"
EndProject
Global
	GlobalSection(SolutionConfigurationPlatforms) = preSolution
		Debug|Any CPU = Debug|Any CPU
		Release|Any CPU = Release|Any CPU
	EndGlobalSection
	GlobalSection(ProjectConfigurationPlatforms) = postSolution
		{692684E5-37C8-4DB2-A7D6-3D5EE187137B}.Debug|Any CPU.ActiveCfg = Debug|Any CPU
		{692684E5-37C8-4DB2-A7D6-3D5EE187137B}.Debug|Any CPU.Build.0 = Debug|Any CPU
		{692684E5-37C8-4DB2-A7D6-3D5EE187137B}.Release|Any CPU.ActiveCfg = Release|Any CPU
		{692684E5-37C8-4DB2-A7D6-3D5EE187137B}.Release|Any CPU.Build.0 = Release|Any CPU
		{28C30397-B798-40B1-B076-61411E01ABE7}.Debug|Any CPU.ActiveCfg = Debug|Any CPU
		{28C30397-B798-40B1-B076-61411E01ABE7}.Debug|Any CPU.Build.0 = Debug|Any CPU
		{28C30397-B798-40B1-B076-61411E01ABE7}.Release|Any CPU.ActiveCfg = Release|Any CPU
		{28C30397-B798-40B1-B076-61411E01ABE7}.Release|Any CPU.Build.0 = Release|Any CPU
		{65D44F4D-0674-4F5C-9D9C-605BAC7F0639}.Debug|Any CPU.ActiveCfg = Debug|Any CPU
		{65D44F4D-0674-4F5C-9D9C-605BAC7F0639}.Debug|Any CPU.Build.0 = Debug|Any CPU
		{65D44F4D-0674-4F5C-9D9C-605BAC7F0639}.Release|Any CPU.ActiveCfg = Release|Any CPU
		{65D44F4D-0674-4F5C-9D9C-605BAC7F0639}.Release|Any CPU.Build.0 = Release|Any CPU
	EndGlobalSection
	GlobalSection(SolutionProperties) = preSolution
		HideSolutionNode = FALSE
	EndGlobalSection
EndGlobal
