
Microsoft Visual Studio Solution File, Format Version 12.00
# Visual Studio Version 16
VisualStudioVersion = 16.0.31729.503
MinimumVisualStudioVersion = 10.0.40219.1
Project("{9A19103F-16F7-4668-BE54-9A1E7A4F7556}") = "Cate68", "Cate68.csproj", "{B71088D9-CD10-4DA0-BF0F-08BA578547E5}"
EndProject
Project("{9A19103F-16F7-4668-BE54-9A1E7A4F7556}") = "Cate", "..\Cate\Cate.csproj", "{DEF94621-75DF-44BB-813F-1FA349D01F4E}"
EndProject
Project("{9A19103F-16F7-4668-BE54-9A1E7A4F7556}") = "Language", "..\Language\Language.csproj", "{40CB3AC8-8118-4574-96B6-E2DD8868F0A2}"
EndProject
Global
	GlobalSection(SolutionConfigurationPlatforms) = preSolution
		Debug|Any CPU = Debug|Any CPU
		Release|Any CPU = Release|Any CPU
	EndGlobalSection
	GlobalSection(ProjectConfigurationPlatforms) = postSolution
		{B71088D9-CD10-4DA0-BF0F-08BA578547E5}.Debug|Any CPU.ActiveCfg = Debug|Any CPU
		{B71088D9-CD10-4DA0-BF0F-08BA578547E5}.Debug|Any CPU.Build.0 = Debug|Any CPU
		{B71088D9-CD10-4DA0-BF0F-08BA578547E5}.Release|Any CPU.ActiveCfg = Release|Any CPU
		{B71088D9-CD10-4DA0-BF0F-08BA578547E5}.Release|Any CPU.Build.0 = Release|Any CPU
		{DEF94621-75DF-44BB-813F-1FA349D01F4E}.Debug|Any CPU.ActiveCfg = Debug|Any CPU
		{DEF94621-75DF-44BB-813F-1FA349D01F4E}.Debug|Any CPU.Build.0 = Debug|Any CPU
		{DEF94621-75DF-44BB-813F-1FA349D01F4E}.Release|Any CPU.ActiveCfg = Release|Any CPU
		{DEF94621-75DF-44BB-813F-1FA349D01F4E}.Release|Any CPU.Build.0 = Release|Any CPU
		{40CB3AC8-8118-4574-96B6-E2DD8868F0A2}.Debug|Any CPU.ActiveCfg = Debug|Any CPU
		{40CB3AC8-8118-4574-96B6-E2DD8868F0A2}.Debug|Any CPU.Build.0 = Debug|Any CPU
		{40CB3AC8-8118-4574-96B6-E2DD8868F0A2}.Release|Any CPU.ActiveCfg = Release|Any CPU
		{40CB3AC8-8118-4574-96B6-E2DD8868F0A2}.Release|Any CPU.Build.0 = Release|Any CPU
	EndGlobalSection
	GlobalSection(SolutionProperties) = preSolution
		HideSolutionNode = FALSE
	EndGlobalSection
	GlobalSection(ExtensibilityGlobals) = postSolution
		SolutionGuid = {420AE457-3ADB-43A5-8DE6-23B9BD6D7A9C}
	EndGlobalSection
EndGlobal
