
Microsoft Visual Studio Solution File, Format Version 12.00
# Visual Studio Version 17
VisualStudioVersion = 17.1.32414.318
MinimumVisualStudioVersion = 10.0.40219.1
Project("{FAE04EC0-301F-11D3-BF4B-00C04F79EFBC}") = "Cate86", "Cate86.csproj", "{2C743F5E-4B6B-4A9E-8A60-A144187DFBAD}"
EndProject
Project("{9A19103F-16F7-4668-BE54-9A1E7A4F7556}") = "Cate", "..\Cate\Cate.csproj", "{AA60CF98-9568-4026-BD75-57EB4426994D}"
EndProject
Project("{9A19103F-16F7-4668-BE54-9A1E7A4F7556}") = "Language", "..\Language\Language.csproj", "{EEC6BA2D-2C89-432B-8A99-F1EE4E940158}"
EndProject
Global
	GlobalSection(SolutionConfigurationPlatforms) = preSolution
		Debug|Any CPU = Debug|Any CPU
		Release|Any CPU = Release|Any CPU
	EndGlobalSection
	GlobalSection(ProjectConfigurationPlatforms) = postSolution
		{2C743F5E-4B6B-4A9E-8A60-A144187DFBAD}.Debug|Any CPU.ActiveCfg = Debug|Any CPU
		{2C743F5E-4B6B-4A9E-8A60-A144187DFBAD}.Debug|Any CPU.Build.0 = Debug|Any CPU
		{2C743F5E-4B6B-4A9E-8A60-A144187DFBAD}.Release|Any CPU.ActiveCfg = Release|Any CPU
		{2C743F5E-4B6B-4A9E-8A60-A144187DFBAD}.Release|Any CPU.Build.0 = Release|Any CPU
		{AA60CF98-9568-4026-BD75-57EB4426994D}.Debug|Any CPU.ActiveCfg = Debug|Any CPU
		{AA60CF98-9568-4026-BD75-57EB4426994D}.Debug|Any CPU.Build.0 = Debug|Any CPU
		{AA60CF98-9568-4026-BD75-57EB4426994D}.Release|Any CPU.ActiveCfg = Release|Any CPU
		{AA60CF98-9568-4026-BD75-57EB4426994D}.Release|Any CPU.Build.0 = Release|Any CPU
		{EEC6BA2D-2C89-432B-8A99-F1EE4E940158}.Debug|Any CPU.ActiveCfg = Debug|Any CPU
		{EEC6BA2D-2C89-432B-8A99-F1EE4E940158}.Debug|Any CPU.Build.0 = Debug|Any CPU
		{EEC6BA2D-2C89-432B-8A99-F1EE4E940158}.Release|Any CPU.ActiveCfg = Release|Any CPU
		{EEC6BA2D-2C89-432B-8A99-F1EE4E940158}.Release|Any CPU.Build.0 = Release|Any CPU
	EndGlobalSection
	GlobalSection(SolutionProperties) = preSolution
		HideSolutionNode = FALSE
	EndGlobalSection
	GlobalSection(ExtensibilityGlobals) = postSolution
		SolutionGuid = {0498A751-4CBD-4FE2-B0CB-9CEE33A1F20E}
	EndGlobalSection
EndGlobal
