
Microsoft Visual Studio Solution File, Format Version 12.00
# Visual Studio Version 16
VisualStudioVersion = 16.0.31729.503
MinimumVisualStudioVersion = 10.0.40219.1
Project("{FAE04EC0-301F-11D3-BF4B-00C04F79EFBC}") = "Cate87", "Cate87.csproj", "{5E566905-964C-4D35-BE7C-9AD1156DE8EE}"
EndProject
Project("{9A19103F-16F7-4668-BE54-9A1E7A4F7556}") = "Language", "..\Language\Language.csproj", "{769E11F8-4E98-41BD-A91C-914F33AAF5B6}"
EndProject
Project("{9A19103F-16F7-4668-BE54-9A1E7A4F7556}") = "Cate", "..\Cate\Cate.csproj", "{4FC8DE09-205E-487D-81FD-4E3B7C708778}"
EndProject
Global
	GlobalSection(SolutionConfigurationPlatforms) = preSolution
		Debug|Any CPU = Debug|Any CPU
		Release|Any CPU = Release|Any CPU
	EndGlobalSection
	GlobalSection(ProjectConfigurationPlatforms) = postSolution
		{5E566905-964C-4D35-BE7C-9AD1156DE8EE}.Debug|Any CPU.ActiveCfg = Debug|Any CPU
		{5E566905-964C-4D35-BE7C-9AD1156DE8EE}.Debug|Any CPU.Build.0 = Debug|Any CPU
		{5E566905-964C-4D35-BE7C-9AD1156DE8EE}.Release|Any CPU.ActiveCfg = Release|Any CPU
		{5E566905-964C-4D35-BE7C-9AD1156DE8EE}.Release|Any CPU.Build.0 = Release|Any CPU
		{769E11F8-4E98-41BD-A91C-914F33AAF5B6}.Debug|Any CPU.ActiveCfg = Debug|Any CPU
		{769E11F8-4E98-41BD-A91C-914F33AAF5B6}.Debug|Any CPU.Build.0 = Debug|Any CPU
		{769E11F8-4E98-41BD-A91C-914F33AAF5B6}.Release|Any CPU.ActiveCfg = Release|Any CPU
		{769E11F8-4E98-41BD-A91C-914F33AAF5B6}.Release|Any CPU.Build.0 = Release|Any CPU
		{4FC8DE09-205E-487D-81FD-4E3B7C708778}.Debug|Any CPU.ActiveCfg = Debug|Any CPU
		{4FC8DE09-205E-487D-81FD-4E3B7C708778}.Debug|Any CPU.Build.0 = Debug|Any CPU
		{4FC8DE09-205E-487D-81FD-4E3B7C708778}.Release|Any CPU.ActiveCfg = Release|Any CPU
		{4FC8DE09-205E-487D-81FD-4E3B7C708778}.Release|Any CPU.Build.0 = Release|Any CPU
	EndGlobalSection
	GlobalSection(SolutionProperties) = preSolution
		HideSolutionNode = FALSE
	EndGlobalSection
	GlobalSection(ExtensibilityGlobals) = postSolution
		SolutionGuid = {310B04DD-C5AF-4B27-91F6-D77E56F89415}
	EndGlobalSection
EndGlobal
